
Microsoft Visual Studio Solution File, Format Version 12.00
# Visual Studio Version 17
VisualStudioVersion = 17.4.33110.190
MinimumVisualStudioVersion = 10.0.40219.1
Project("{FAE04EC0-301F-11D3-BF4B-00C04F79EFBC}") = "vidly1", "vidly1\vidly1.csproj", "{DD544894-EF20-4321-BF14-BEAD125D1839}"
EndProject
Global
	GlobalSection(SolutionConfigurationPlatforms) = preSolution
		Debug|Any CPU = Debug|Any CPU
		Release|Any CPU = Release|Any CPU
	EndGlobalSection
	GlobalSection(ProjectConfigurationPlatforms) = postSolution
		{DD544894-EF20-4321-BF14-BEAD125D1839}.Debug|Any CPU.ActiveCfg = Debug|Any CPU
		{DD544894-EF20-4321-BF14-BEAD125D1839}.Debug|Any CPU.Build.0 = Debug|Any CPU
		{DD544894-EF20-4321-BF14-BEAD125D1839}.Release|Any CPU.ActiveCfg = Release|Any CPU
		{DD544894-EF20-4321-BF14-BEAD125D1839}.Release|Any CPU.Build.0 = Release|Any CPU
	EndGlobalSection
	GlobalSection(SolutionProperties) = preSolution
		HideSolutionNode = FALSE
	EndGlobalSection
	GlobalSection(ExtensibilityGlobals) = postSolution
		SolutionGuid = {4E7A05A7-22BD-4359-9CDB-2D8B8EC65804}
	EndGlobalSection
EndGlobal
